
Microsoft Visual Studio Solution File, Format Version 11.00
# Visual Studio 2010
Project("{FAE04EC0-301F-11D3-BF4B-00C04F79EFBC}") = "Kebun Binatang", "Assembly-CSharp.csproj", "{D04BAAA0-A85D-961E-65D9-45FF0D2687CF}"
EndProject
Project("{FAE04EC0-301F-11D3-BF4B-00C04F79EFBC}") = "Kebun Binatang", "Assembly-CSharp-Editor.csproj", "{32BC40A6-A451-1D94-13F1-3BF1DE10A407}"
EndProject
Global
	GlobalSection(SolutionConfigurationPlatforms) = preSolution
		Debug|Any CPU = Debug|Any CPU
		Release|Any CPU = Release|Any CPU
	EndGlobalSection
	GlobalSection(ProjectConfigurationPlatforms) = postSolution
		{D04BAAA0-A85D-961E-65D9-45FF0D2687CF}.Debug|Any CPU.ActiveCfg = Debug|Any CPU
		{D04BAAA0-A85D-961E-65D9-45FF0D2687CF}.Debug|Any CPU.Build.0 = Debug|Any CPU
		{D04BAAA0-A85D-961E-65D9-45FF0D2687CF}.Release|Any CPU.ActiveCfg = Release|Any CPU
		{D04BAAA0-A85D-961E-65D9-45FF0D2687CF}.Release|Any CPU.Build.0 = Release|Any CPU
		{32BC40A6-A451-1D94-13F1-3BF1DE10A407}.Debug|Any CPU.ActiveCfg = Debug|Any CPU
		{32BC40A6-A451-1D94-13F1-3BF1DE10A407}.Debug|Any CPU.Build.0 = Debug|Any CPU
		{32BC40A6-A451-1D94-13F1-3BF1DE10A407}.Release|Any CPU.ActiveCfg = Release|Any CPU
		{32BC40A6-A451-1D94-13F1-3BF1DE10A407}.Release|Any CPU.Build.0 = Release|Any CPU
	EndGlobalSection
	GlobalSection(SolutionProperties) = preSolution
		HideSolutionNode = FALSE
	EndGlobalSection
	GlobalSection(MonoDevelopProperties) = preSolution
		StartupItem = Assembly-CSharp.csproj
	EndGlobalSection
EndGlobal
